// !$*UTF8*$!
{
	archiveVersion = 1;
	classes = {
	};
	objectVersion = 55;
	objects = {

/* Begin PBXBuildFile section */
		37D9985B28356DB80081143E /* AppDelegate.swift in Sources */ = {isa = PBXBuildFile; fileRef = 37D9985A28356DB80081143E /* AppDelegate.swift */; };
		37D9985D28356DB80081143E /* SceneDelegate.swift in Sources */ = {isa = PBXBuildFile; fileRef = 37D9985C28356DB80081143E /* SceneDelegate.swift */; };
		37D9985F28356DB80081143E /* ViewController.swift in Sources */ = {isa = PBXBuildFile; fileRef = 37D9985E28356DB80081143E /* ViewController.swift */; };
		37D9986528356DB80081143E /* Purpleflix.xcdatamodeld in Sources */ = {isa = PBXBuildFile; fileRef = 37D9986328356DB80081143E /* Purpleflix.xcdatamodeld */; };
		37D9986728356DBC0081143E /* Assets.xcassets in Resources */ = {isa = PBXBuildFile; fileRef = 37D9986628356DBC0081143E /* Assets.xcassets */; };
		37D9986A28356DBC0081143E /* LaunchScreen.storyboard in Resources */ = {isa = PBXBuildFile; fileRef = 37D9986828356DBC0081143E /* LaunchScreen.storyboard */; };
		37D99872283573E30081143E /* ApiKey.swift in Sources */ = {isa = PBXBuildFile; fileRef = 37D99871283573E30081143E /* ApiKey.swift */; };
		37D99874283575CE0081143E /* TheMovieDBApi.swift in Sources */ = {isa = PBXBuildFile; fileRef = 37D99873283575CE0081143E /* TheMovieDBApi.swift */; };
		37D998772835854D0081143E /* MovieRequest.swift in Sources */ = {isa = PBXBuildFile; fileRef = 37D998762835854D0081143E /* MovieRequest.swift */; };
		37D9987A283585A30081143E /* TVRequest.swift in Sources */ = {isa = PBXBuildFile; fileRef = 37D99879283585A30081143E /* TVRequest.swift */; };
		37D9987C283585C50081143E /* SearchRequest.swift in Sources */ = {isa = PBXBuildFile; fileRef = 37D9987B283585C50081143E /* SearchRequest.swift */; };
		37D9987E283586090081143E /* ImageRequest.swift in Sources */ = {isa = PBXBuildFile; fileRef = 37D9987D283586090081143E /* ImageRequest.swift */; };
		37D9988528358F910081143E /* TEMPFILE2.swift in Sources */ = {isa = PBXBuildFile; fileRef = 37D9988428358F910081143E /* TEMPFILE2.swift */; };
		37E98DBB2836B1BE0027D825 /* MovieResponse.swift in Sources */ = {isa = PBXBuildFile; fileRef = 37E98DBA2836B1BE0027D825 /* MovieResponse.swift */; };
		37E98DBE2836B62C0027D825 /* Alamofire in Frameworks */ = {isa = PBXBuildFile; productRef = 37E98DBD2836B62C0027D825 /* Alamofire */; };
		37E98DC5283715220027D825 /* SwiftyJSON.swift in Sources */ = {isa = PBXBuildFile; fileRef = 37E98DC4283715220027D825 /* SwiftyJSON.swift */; };
		37E98DC728371CF90027D825 /* ProviderResponse.swift in Sources */ = {isa = PBXBuildFile; fileRef = 37E98DC628371CF90027D825 /* ProviderResponse.swift */; };
/* End PBXBuildFile section */

/* Begin PBXFileReference section */
		37D9985728356DB80081143E /* Purpleflix.app */ = {isa = PBXFileReference; explicitFileType = wrapper.application; includeInIndex = 0; path = Purpleflix.app; sourceTree = BUILT_PRODUCTS_DIR; };
		37D9985A28356DB80081143E /* AppDelegate.swift */ = {isa = PBXFileReference; lastKnownFileType = sourcecode.swift; path = AppDelegate.swift; sourceTree = "<group>"; };
		37D9985C28356DB80081143E /* SceneDelegate.swift */ = {isa = PBXFileReference; lastKnownFileType = sourcecode.swift; path = SceneDelegate.swift; sourceTree = "<group>"; };
		37D9985E28356DB80081143E /* ViewController.swift */ = {isa = PBXFileReference; lastKnownFileType = sourcecode.swift; path = ViewController.swift; sourceTree = "<group>"; };
		37D9986428356DB80081143E /* Purpleflix.xcdatamodel */ = {isa = PBXFileReference; lastKnownFileType = wrapper.xcdatamodel; path = Purpleflix.xcdatamodel; sourceTree = "<group>"; };
		37D9986628356DBC0081143E /* Assets.xcassets */ = {isa = PBXFileReference; lastKnownFileType = folder.assetcatalog; path = Assets.xcassets; sourceTree = "<group>"; };
		37D9986928356DBC0081143E /* Base */ = {isa = PBXFileReference; lastKnownFileType = file.storyboard; name = Base; path = Base.lproj/LaunchScreen.storyboard; sourceTree = "<group>"; };
		37D9986B28356DBC0081143E /* Info.plist */ = {isa = PBXFileReference; lastKnownFileType = text.plist.xml; path = Info.plist; sourceTree = "<group>"; };
		37D99871283573E30081143E /* ApiKey.swift */ = {isa = PBXFileReference; lastKnownFileType = sourcecode.swift; path = ApiKey.swift; sourceTree = "<group>"; };
		37D99873283575CE0081143E /* TheMovieDBApi.swift */ = {isa = PBXFileReference; lastKnownFileType = sourcecode.swift; path = TheMovieDBApi.swift; sourceTree = "<group>"; };
		37D998762835854D0081143E /* MovieRequest.swift */ = {isa = PBXFileReference; lastKnownFileType = sourcecode.swift; path = MovieRequest.swift; sourceTree = "<group>"; };
		37D99879283585A30081143E /* TVRequest.swift */ = {isa = PBXFileReference; lastKnownFileType = sourcecode.swift; path = TVRequest.swift; sourceTree = "<group>"; };
		37D9987B283585C50081143E /* SearchRequest.swift */ = {isa = PBXFileReference; lastKnownFileType = sourcecode.swift; path = SearchRequest.swift; sourceTree = "<group>"; };
		37D9987D283586090081143E /* ImageRequest.swift */ = {isa = PBXFileReference; lastKnownFileType = sourcecode.swift; path = ImageRequest.swift; sourceTree = "<group>"; };
		37D9988428358F910081143E /* TEMPFILE2.swift */ = {isa = PBXFileReference; lastKnownFileType = sourcecode.swift; path = TEMPFILE2.swift; sourceTree = "<group>"; };
		37E98DBA2836B1BE0027D825 /* MovieResponse.swift */ = {isa = PBXFileReference; lastKnownFileType = sourcecode.swift; path = MovieResponse.swift; sourceTree = "<group>"; };
		37E98DC4283715220027D825 /* SwiftyJSON.swift */ = {isa = PBXFileReference; lastKnownFileType = sourcecode.swift; path = SwiftyJSON.swift; sourceTree = "<group>"; };
		37E98DC628371CF90027D825 /* ProviderResponse.swift */ = {isa = PBXFileReference; lastKnownFileType = sourcecode.swift; path = ProviderResponse.swift; sourceTree = "<group>"; };
/* End PBXFileReference section */

/* Begin PBXFrameworksBuildPhase section */
		37D9985428356DB80081143E /* Frameworks */ = {
			isa = PBXFrameworksBuildPhase;
			buildActionMask = 2147483647;
			files = (
				37E98DBE2836B62C0027D825 /* Alamofire in Frameworks */,
			);
			runOnlyForDeploymentPostprocessing = 0;
		};
/* End PBXFrameworksBuildPhase section */

/* Begin PBXGroup section */
		37D9984E28356DB80081143E = {
			isa = PBXGroup;
			children = (
				37D9985928356DB80081143E /* Purpleflix */,
				37D9985828356DB80081143E /* Products */,
			);
			sourceTree = "<group>";
		};
		37D9985828356DB80081143E /* Products */ = {
			isa = PBXGroup;
			children = (
				37D9985728356DB80081143E /* Purpleflix.app */,
			);
			name = Products;
			sourceTree = "<group>";
		};
		37D9985928356DB80081143E /* Purpleflix */ = {
			isa = PBXGroup;
			children = (
				37E98DC32837150E0027D825 /* Utils */,
				37D9988028358F390081143E /* Views */,
				37D9987F28358F320081143E /* Model */,
				37D99875283584C30081143E /* Services */,
				37D9985A28356DB80081143E /* AppDelegate.swift */,
				37D9985C28356DB80081143E /* SceneDelegate.swift */,
				37D9985E28356DB80081143E /* ViewController.swift */,
				37D9986628356DBC0081143E /* Assets.xcassets */,
				37D9986828356DBC0081143E /* LaunchScreen.storyboard */,
				37D9986B28356DBC0081143E /* Info.plist */,
				37D9986328356DB80081143E /* Purpleflix.xcdatamodeld */,
			);
			path = Purpleflix;
			sourceTree = "<group>";
		};
		37D99875283584C30081143E /* Services */ = {
			isa = PBXGroup;
			children = (
				37D99871283573E30081143E /* ApiKey.swift */,
				37D99873283575CE0081143E /* TheMovieDBApi.swift */,
				37D998762835854D0081143E /* MovieRequest.swift */,
				37D99879283585A30081143E /* TVRequest.swift */,
				37D9987B283585C50081143E /* SearchRequest.swift */,
				37D9987D283586090081143E /* ImageRequest.swift */,
			);
			path = Services;
			sourceTree = "<group>";
		};
		37D9987F28358F320081143E /* Model */ = {
			isa = PBXGroup;
			children = (
				37E98DBA2836B1BE0027D825 /* MovieResponse.swift */,
				37E98DC628371CF90027D825 /* ProviderResponse.swift */,
			);
			path = Model;
			sourceTree = "<group>";
		};
		37D9988028358F390081143E /* Views */ = {
			isa = PBXGroup;
			children = (
				37D9988428358F910081143E /* TEMPFILE2.swift */,
			);
			path = Views;
			sourceTree = "<group>";
		};
		37E98DC32837150E0027D825 /* Utils */ = {
			isa = PBXGroup;
			children = (
				37E98DC4283715220027D825 /* SwiftyJSON.swift */,
			);
			path = Utils;
			sourceTree = "<group>";
		};
/* End PBXGroup section */

/* Begin PBXNativeTarget section */
		37D9985628356DB80081143E /* Purpleflix */ = {
			isa = PBXNativeTarget;
			buildConfigurationList = 37D9986E28356DBC0081143E /* Build configuration list for PBXNativeTarget "Purpleflix" */;
			buildPhases = (
				37D9985328356DB80081143E /* Sources */,
				37D9985428356DB80081143E /* Frameworks */,
				37D9985528356DB80081143E /* Resources */,
			);
			buildRules = (
			);
			dependencies = (
			);
			name = Purpleflix;
			packageProductDependencies = (
				37E98DBD2836B62C0027D825 /* Alamofire */,
			);
			productName = Purpleflix;
			productReference = 37D9985728356DB80081143E /* Purpleflix.app */;
			productType = "com.apple.product-type.application";
		};
/* End PBXNativeTarget section */

/* Begin PBXProject section */
		37D9984F28356DB80081143E /* Project object */ = {
			isa = PBXProject;
			attributes = {
				BuildIndependentTargetsInParallel = 1;
				LastSwiftUpdateCheck = 1340;
				LastUpgradeCheck = 1340;
				TargetAttributes = {
					37D9985628356DB80081143E = {
						CreatedOnToolsVersion = 13.4;
					};
				};
			};
			buildConfigurationList = 37D9985228356DB80081143E /* Build configuration list for PBXProject "Purpleflix" */;
			compatibilityVersion = "Xcode 13.0";
			developmentRegion = en;
			hasScannedForEncodings = 0;
			knownRegions = (
				en,
				Base,
			);
			mainGroup = 37D9984E28356DB80081143E;
			packageReferences = (
				37E98DBC2836B62C0027D825 /* XCRemoteSwiftPackageReference "Alamofire" */,
			);
			productRefGroup = 37D9985828356DB80081143E /* Products */;
			projectDirPath = "";
			projectRoot = "";
			targets = (
				37D9985628356DB80081143E /* Purpleflix */,
			);
		};
/* End PBXProject section */

/* Begin PBXResourcesBuildPhase section */
		37D9985528356DB80081143E /* Resources */ = {
			isa = PBXResourcesBuildPhase;
			buildActionMask = 2147483647;
			files = (
				37D9986A28356DBC0081143E /* LaunchScreen.storyboard in Resources */,
				37D9986728356DBC0081143E /* Assets.xcassets in Resources */,
			);
			runOnlyForDeploymentPostprocessing = 0;
		};
/* End PBXResourcesBuildPhase section */

/* Begin PBXSourcesBuildPhase section */
		37D9985328356DB80081143E /* Sources */ = {
			isa = PBXSourcesBuildPhase;
			buildActionMask = 2147483647;
			files = (
				37E98DBB2836B1BE0027D825 /* MovieResponse.swift in Sources */,
				37D9988528358F910081143E /* TEMPFILE2.swift in Sources */,
				37D99872283573E30081143E /* ApiKey.swift in Sources */,
				37E98DC728371CF90027D825 /* ProviderResponse.swift in Sources */,
				37E98DC5283715220027D825 /* SwiftyJSON.swift in Sources */,
				37D99874283575CE0081143E /* TheMovieDBApi.swift in Sources */,
				37D9985F28356DB80081143E /* ViewController.swift in Sources */,
				37D9985B28356DB80081143E /* AppDelegate.swift in Sources */,
				37D9986528356DB80081143E /* Purpleflix.xcdatamodeld in Sources */,
				37D9987A283585A30081143E /* TVRequest.swift in Sources */,
				37D998772835854D0081143E /* MovieRequest.swift in Sources */,
				37D9987C283585C50081143E /* SearchRequest.swift in Sources */,
				37D9985D28356DB80081143E /* SceneDelegate.swift in Sources */,
				37D9987E283586090081143E /* ImageRequest.swift in Sources */,
			);
			runOnlyForDeploymentPostprocessing = 0;
		};
/* End PBXSourcesBuildPhase section */

/* Begin PBXVariantGroup section */
		37D9986828356DBC0081143E /* LaunchScreen.storyboard */ = {
			isa = PBXVariantGroup;
			children = (
				37D9986928356DBC0081143E /* Base */,
			);
			name = LaunchScreen.storyboard;
			sourceTree = "<group>";
		};
/* End PBXVariantGroup section */

/* Begin XCBuildConfiguration section */
		37D9986C28356DBC0081143E /* Debug */ = {
			isa = XCBuildConfiguration;
			buildSettings = {
				ALWAYS_SEARCH_USER_PATHS = NO;
				CLANG_ANALYZER_NONNULL = YES;
				CLANG_ANALYZER_NUMBER_OBJECT_CONVERSION = YES_AGGRESSIVE;
				CLANG_CXX_LANGUAGE_STANDARD = "gnu++17";
				CLANG_ENABLE_MODULES = YES;
				CLANG_ENABLE_OBJC_ARC = YES;
				CLANG_ENABLE_OBJC_WEAK = YES;
				CLANG_WARN_BLOCK_CAPTURE_AUTORELEASING = YES;
				CLANG_WARN_BOOL_CONVERSION = YES;
				CLANG_WARN_COMMA = YES;
				CLANG_WARN_CONSTANT_CONVERSION = YES;
				CLANG_WARN_DEPRECATED_OBJC_IMPLEMENTATIONS = YES;
				CLANG_WARN_DIRECT_OBJC_ISA_USAGE = YES_ERROR;
				CLANG_WARN_DOCUMENTATION_COMMENTS = YES;
				CLANG_WARN_EMPTY_BODY = YES;
				CLANG_WARN_ENUM_CONVERSION = YES;
				CLANG_WARN_INFINITE_RECURSION = YES;
				CLANG_WARN_INT_CONVERSION = YES;
				CLANG_WARN_NON_LITERAL_NULL_CONVERSION = YES;
				CLANG_WARN_OBJC_IMPLICIT_RETAIN_SELF = YES;
				CLANG_WARN_OBJC_LITERAL_CONVERSION = YES;
				CLANG_WARN_OBJC_ROOT_CLASS = YES_ERROR;
				CLANG_WARN_QUOTED_INCLUDE_IN_FRAMEWORK_HEADER = YES;
				CLANG_WARN_RANGE_LOOP_ANALYSIS = YES;
				CLANG_WARN_STRICT_PROTOTYPES = YES;
				CLANG_WARN_SUSPICIOUS_MOVE = YES;
				CLANG_WARN_UNGUARDED_AVAILABILITY = YES_AGGRESSIVE;
				CLANG_WARN_UNREACHABLE_CODE = YES;
				CLANG_WARN__DUPLICATE_METHOD_MATCH = YES;
				COPY_PHASE_STRIP = NO;
				DEBUG_INFORMATION_FORMAT = dwarf;
				ENABLE_STRICT_OBJC_MSGSEND = YES;
				ENABLE_TESTABILITY = YES;
				GCC_C_LANGUAGE_STANDARD = gnu11;
				GCC_DYNAMIC_NO_PIC = NO;
				GCC_NO_COMMON_BLOCKS = YES;
				GCC_OPTIMIZATION_LEVEL = 0;
				GCC_PREPROCESSOR_DEFINITIONS = (
					"DEBUG=1",
					"$(inherited)",
				);
				GCC_WARN_64_TO_32_BIT_CONVERSION = YES;
				GCC_WARN_ABOUT_RETURN_TYPE = YES_ERROR;
				GCC_WARN_UNDECLARED_SELECTOR = YES;
				GCC_WARN_UNINITIALIZED_AUTOS = YES_AGGRESSIVE;
				GCC_WARN_UNUSED_FUNCTION = YES;
				GCC_WARN_UNUSED_VARIABLE = YES;
				IPHONEOS_DEPLOYMENT_TARGET = 15.5;
				MTL_ENABLE_DEBUG_INFO = INCLUDE_SOURCE;
				MTL_FAST_MATH = YES;
				ONLY_ACTIVE_ARCH = YES;
				SDKROOT = iphoneos;
				SWIFT_ACTIVE_COMPILATION_CONDITIONS = DEBUG;
				SWIFT_OPTIMIZATION_LEVEL = "-Onone";
			};
			name = Debug;
		};
		37D9986D28356DBC0081143E /* Release */ = {
			isa = XCBuildConfiguration;
			buildSettings = {
				ALWAYS_SEARCH_USER_PATHS = NO;
				CLANG_ANALYZER_NONNULL = YES;
				CLANG_ANALYZER_NUMBER_OBJECT_CONVERSION = YES_AGGRESSIVE;
				CLANG_CXX_LANGUAGE_STANDARD = "gnu++17";
				CLANG_ENABLE_MODULES = YES;
				CLANG_ENABLE_OBJC_ARC = YES;
				CLANG_ENABLE_OBJC_WEAK = YES;
				CLANG_WARN_BLOCK_CAPTURE_AUTORELEASING = YES;
				CLANG_WARN_BOOL_CONVERSION = YES;
				CLANG_WARN_COMMA = YES;
				CLANG_WARN_CONSTANT_CONVERSION = YES;
				CLANG_WARN_DEPRECATED_OBJC_IMPLEMENTATIONS = YES;
				CLANG_WARN_DIRECT_OBJC_ISA_USAGE = YES_ERROR;
				CLANG_WARN_DOCUMENTATION_COMMENTS = YES;
				CLANG_WARN_EMPTY_BODY = YES;
				CLANG_WARN_ENUM_CONVERSION = YES;
				CLANG_WARN_INFINITE_RECURSION = YES;
				CLANG_WARN_INT_CONVERSION = YES;
				CLANG_WARN_NON_LITERAL_NULL_CONVERSION = YES;
				CLANG_WARN_OBJC_IMPLICIT_RETAIN_SELF = YES;
				CLANG_WARN_OBJC_LITERAL_CONVERSION = YES;
				CLANG_WARN_OBJC_ROOT_CLASS = YES_ERROR;
				CLANG_WARN_QUOTED_INCLUDE_IN_FRAMEWORK_HEADER = YES;
				CLANG_WARN_RANGE_LOOP_ANALYSIS = YES;
				CLANG_WARN_STRICT_PROTOTYPES = YES;
				CLANG_WARN_SUSPICIOUS_MOVE = YES;
				CLANG_WARN_UNGUARDED_AVAILABILITY = YES_AGGRESSIVE;
				CLANG_WARN_UNREACHABLE_CODE = YES;
				CLANG_WARN__DUPLICATE_METHOD_MATCH = YES;
				COPY_PHASE_STRIP = NO;
				DEBUG_INFORMATION_FORMAT = "dwarf-with-dsym";
				ENABLE_NS_ASSERTIONS = NO;
				ENABLE_STRICT_OBJC_MSGSEND = YES;
				GCC_C_LANGUAGE_STANDARD = gnu11;
				GCC_NO_COMMON_BLOCKS = YES;
				GCC_WARN_64_TO_32_BIT_CONVERSION = YES;
				GCC_WARN_ABOUT_RETURN_TYPE = YES_ERROR;
				GCC_WARN_UNDECLARED_SELECTOR = YES;
				GCC_WARN_UNINITIALIZED_AUTOS = YES_AGGRESSIVE;
				GCC_WARN_UNUSED_FUNCTION = YES;
				GCC_WARN_UNUSED_VARIABLE = YES;
				IPHONEOS_DEPLOYMENT_TARGET = 15.5;
				MTL_ENABLE_DEBUG_INFO = NO;
				MTL_FAST_MATH = YES;
				SDKROOT = iphoneos;
				SWIFT_COMPILATION_MODE = wholemodule;
				SWIFT_OPTIMIZATION_LEVEL = "-O";
				VALIDATE_PRODUCT = YES;
			};
			name = Release;
		};
		37D9986F28356DBC0081143E /* Debug */ = {
			isa = XCBuildConfiguration;
			buildSettings = {
				ASSETCATALOG_COMPILER_APPICON_NAME = AppIcon;
				ASSETCATALOG_COMPILER_GLOBAL_ACCENT_COLOR_NAME = AccentColor;
				CODE_SIGN_STYLE = Automatic;
				CURRENT_PROJECT_VERSION = 1;
				DEVELOPMENT_TEAM = L6B3W3NNQ3;
				GENERATE_INFOPLIST_FILE = YES;
				INFOPLIST_FILE = Purpleflix/Info.plist;
				INFOPLIST_KEY_UIApplicationSupportsIndirectInputEvents = YES;
				INFOPLIST_KEY_UILaunchStoryboardName = LaunchScreen;
				INFOPLIST_KEY_UISupportedInterfaceOrientations_iPad = "UIInterfaceOrientationPortrait UIInterfaceOrientationPortraitUpsideDown UIInterfaceOrientationLandscapeLeft UIInterfaceOrientationLandscapeRight";
				INFOPLIST_KEY_UISupportedInterfaceOrientations_iPhone = "UIInterfaceOrientationPortrait UIInterfaceOrientationLandscapeLeft UIInterfaceOrientationLandscapeRight";
				LD_RUNPATH_SEARCH_PATHS = (
					"$(inherited)",
					"@executable_path/Frameworks",
				);
				MARKETING_VERSION = 1.0;
				PRODUCT_BUNDLE_IDENTIFIER = "com.purpleflix-group.Purpleflix";
				PRODUCT_NAME = "$(TARGET_NAME)";
				SWIFT_EMIT_LOC_STRINGS = YES;
				SWIFT_VERSION = 5.0;
				TARGETED_DEVICE_FAMILY = "1,2";
			};
			name = Debug;
		};
		37D9987028356DBC0081143E /* Release */ = {
			isa = XCBuildConfiguration;
			buildSettings = {
				ASSETCATALOG_COMPILER_APPICON_NAME = AppIcon;
				ASSETCATALOG_COMPILER_GLOBAL_ACCENT_COLOR_NAME = AccentColor;
				CODE_SIGN_STYLE = Automatic;
				CURRENT_PROJECT_VERSION = 1;
				DEVELOPMENT_TEAM = L6B3W3NNQ3;
				GENERATE_INFOPLIST_FILE = YES;
				INFOPLIST_FILE = Purpleflix/Info.plist;
				INFOPLIST_KEY_UIApplicationSupportsIndirectInputEvents = YES;
				INFOPLIST_KEY_UILaunchStoryboardName = LaunchScreen;
				INFOPLIST_KEY_UISupportedInterfaceOrientations_iPad = "UIInterfaceOrientationPortrait UIInterfaceOrientationPortraitUpsideDown UIInterfaceOrientationLandscapeLeft UIInterfaceOrientationLandscapeRight";
				INFOPLIST_KEY_UISupportedInterfaceOrientations_iPhone = "UIInterfaceOrientationPortrait UIInterfaceOrientationLandscapeLeft UIInterfaceOrientationLandscapeRight";
				LD_RUNPATH_SEARCH_PATHS = (
					"$(inherited)",
					"@executable_path/Frameworks",
				);
				MARKETING_VERSION = 1.0;
				PRODUCT_BUNDLE_IDENTIFIER = "com.purpleflix-group.Purpleflix";
				PRODUCT_NAME = "$(TARGET_NAME)";
				SWIFT_EMIT_LOC_STRINGS = YES;
				SWIFT_VERSION = 5.0;
				TARGETED_DEVICE_FAMILY = "1,2";
			};
			name = Release;
		};
/* End XCBuildConfiguration section */

/* Begin XCConfigurationList section */
		37D9985228356DB80081143E /* Build configuration list for PBXProject "Purpleflix" */ = {
			isa = XCConfigurationList;
			buildConfigurations = (
				37D9986C28356DBC0081143E /* Debug */,
				37D9986D28356DBC0081143E /* Release */,
			);
			defaultConfigurationIsVisible = 0;
			defaultConfigurationName = Release;
		};
		37D9986E28356DBC0081143E /* Build configuration list for PBXNativeTarget "Purpleflix" */ = {
			isa = XCConfigurationList;
			buildConfigurations = (
				37D9986F28356DBC0081143E /* Debug */,
				37D9987028356DBC0081143E /* Release */,
			);
			defaultConfigurationIsVisible = 0;
			defaultConfigurationName = Release;
		};
/* End XCConfigurationList section */

/* Begin XCRemoteSwiftPackageReference section */
		37E98DBC2836B62C0027D825 /* XCRemoteSwiftPackageReference "Alamofire" */ = {
			isa = XCRemoteSwiftPackageReference;
			repositoryURL = "https://github.com/Alamofire/Alamofire";
			requirement = {
				kind = upToNextMajorVersion;
				minimumVersion = 5.0.0;
			};
		};
/* End XCRemoteSwiftPackageReference section */

/* Begin XCSwiftPackageProductDependency section */
		37E98DBD2836B62C0027D825 /* Alamofire */ = {
			isa = XCSwiftPackageProductDependency;
			package = 37E98DBC2836B62C0027D825 /* XCRemoteSwiftPackageReference "Alamofire" */;
			productName = Alamofire;
		};
/* End XCSwiftPackageProductDependency section */

/* Begin XCVersionGroup section */
		37D9986328356DB80081143E /* Purpleflix.xcdatamodeld */ = {
			isa = XCVersionGroup;
			children = (
				37D9986428356DB80081143E /* Purpleflix.xcdatamodel */,
			);
			currentVersion = 37D9986428356DB80081143E /* Purpleflix.xcdatamodel */;
			path = Purpleflix.xcdatamodeld;
			sourceTree = "<group>";
			versionGroupType = wrapper.xcdatamodel;
		};
/* End XCVersionGroup section */
	};
	rootObject = 37D9984F28356DB80081143E /* Project object */;
}
